
Microsoft Visual Studio Solution File, Format Version 12.00
# Visual Studio 2013
VisualStudioVersion = 12.0.21005.1
MinimumVisualStudioVersion = 10.0.40219.1
Project("{2150E333-8FDC-42A3-9474-1A3956D46DE8}") = "04Infrastructure", "04Infrastructure", "{3B14B84F-CD4D-476C-8282-CD4737BE94BE}"
EndProject
Project("{2150E333-8FDC-42A3-9474-1A3956D46DE8}") = "03Repository", "03Repository", "{58341181-2060-4D69-B0B3-5E4E1330612A}"
EndProject
Project("{2150E333-8FDC-42A3-9474-1A3956D46DE8}") = "02Service", "02Service", "{A3699D18-6307-4FBE-9EDE-06E501E10EA8}"
EndProject
Project("{2150E333-8FDC-42A3-9474-1A3956D46DE8}") = "01Presentation", "01Presentation", "{058519DE-3A22-4843-85ED-99E437AFBCE4}"
EndProject
Project("{FAE04EC0-301F-11D3-BF4B-00C04F79EFBC}") = "Model", "Model\Model.csproj", "{14DC32E1-26EA-4A13-8870-90E0C72EC777}"
EndProject
Project("{FAE04EC0-301F-11D3-BF4B-00C04F79EFBC}") = "EFDAL", "EFDAL\EFDAL.csproj", "{86C9ADBF-1FE8-45E6-BBE1-EB6C371BEA5B}"
EndProject
Project("{FAE04EC0-301F-11D3-BF4B-00C04F79EFBC}") = "EFBLL", "EFBLL\EFBLL.csproj", "{D1A8E2BD-2F5E-46AC-968D-8A708F9DF89C}"
EndProject
Project("{FAE04EC0-301F-11D3-BF4B-00C04F79EFBC}") = "DapperBLL", "DapperBLL\DapperBLL.csproj", "{DE752FEF-0778-4A70-8EE5-04F391531F2E}"
EndProject
Project("{FAE04EC0-301F-11D3-BF4B-00C04F79EFBC}") = "DapperDAL", "DapperDAL\DapperDAL.csproj", "{759E362F-2766-4A10-A5DC-E40DDBA27C34}"
EndProject
Project("{FAE04EC0-301F-11D3-BF4B-00C04F79EFBC}") = "Common", "Common\Common.csproj", "{9683F616-D48F-4EE1-B652-96E8F51F572F}"
EndProject
Project("{2150E333-8FDC-42A3-9474-1A3956D46DE8}") = "Manager", "Manager", "{59409BF6-4165-4734-85F4-8F29F6FD3B62}"
EndProject
Project("{2150E333-8FDC-42A3-9474-1A3956D46DE8}") = "API", "API", "{43F2C2B8-0A24-41E0-A321-2CD744B6629C}"
EndProject
Project("{FAE04EC0-301F-11D3-BF4B-00C04F79EFBC}") = "OperationManager", "OperationManager\OperationManager.csproj", "{BC237855-DA7B-4C17-B8D5-CB6BC2880829}"
EndProject
Project("{2150E333-8FDC-42A3-9474-1A3956D46DE8}") = "Helper", "Helper", "{9F6D6A7D-760D-47E9-A2B1-B9186010C119}"
EndProject
Project("{FAE04EC0-301F-11D3-BF4B-00C04F79EFBC}") = "HelperCommon", "HelperCommon\HelperCommon.csproj", "{E191DD19-1A31-41CF-9CC8-1413728B3219}"
EndProject
Project("{FAE04EC0-301F-11D3-BF4B-00C04F79EFBC}") = "WebApi", "WebApi\WebApi.csproj", "{1D1AAE29-89F3-4CDA-8F4A-9800416C41E7}"
EndProject
Project("{2150E333-8FDC-42A3-9474-1A3956D46DE8}") = "SDK", "SDK", "{672627A0-C527-432B-9228-0FB9545B46F1}"
EndProject
Project("{FAE04EC0-301F-11D3-BF4B-00C04F79EFBC}") = "TopSdk", "TaobaoSDK\TopSdk.csproj", "{9C11CAE5-5188-4E71-825B-68FC3135728A}"
EndProject
Project("{2150E333-8FDC-42A3-9474-1A3956D46DE8}") = ".nuget", ".nuget", "{44699AEC-3ECF-451C-9E7A-BA96AC014F6C}"
	ProjectSection(SolutionItems) = preProject
		.nuget\packages.config = .nuget\packages.config
	EndProjectSection
EndProject
Global
	GlobalSection(SolutionConfigurationPlatforms) = preSolution
		Debug|Any CPU = Debug|Any CPU
		Release|Any CPU = Release|Any CPU
	EndGlobalSection
	GlobalSection(ProjectConfigurationPlatforms) = postSolution
		{14DC32E1-26EA-4A13-8870-90E0C72EC777}.Debug|Any CPU.ActiveCfg = Debug|Any CPU
		{14DC32E1-26EA-4A13-8870-90E0C72EC777}.Debug|Any CPU.Build.0 = Debug|Any CPU
		{14DC32E1-26EA-4A13-8870-90E0C72EC777}.Release|Any CPU.ActiveCfg = Release|Any CPU
		{14DC32E1-26EA-4A13-8870-90E0C72EC777}.Release|Any CPU.Build.0 = Release|Any CPU
		{86C9ADBF-1FE8-45E6-BBE1-EB6C371BEA5B}.Debug|Any CPU.ActiveCfg = Debug|Any CPU
		{86C9ADBF-1FE8-45E6-BBE1-EB6C371BEA5B}.Debug|Any CPU.Build.0 = Debug|Any CPU
		{86C9ADBF-1FE8-45E6-BBE1-EB6C371BEA5B}.Release|Any CPU.ActiveCfg = Release|Any CPU
		{86C9ADBF-1FE8-45E6-BBE1-EB6C371BEA5B}.Release|Any CPU.Build.0 = Release|Any CPU
		{D1A8E2BD-2F5E-46AC-968D-8A708F9DF89C}.Debug|Any CPU.ActiveCfg = Debug|Any CPU
		{D1A8E2BD-2F5E-46AC-968D-8A708F9DF89C}.Debug|Any CPU.Build.0 = Debug|Any CPU
		{D1A8E2BD-2F5E-46AC-968D-8A708F9DF89C}.Release|Any CPU.ActiveCfg = Release|Any CPU
		{D1A8E2BD-2F5E-46AC-968D-8A708F9DF89C}.Release|Any CPU.Build.0 = Release|Any CPU
		{DE752FEF-0778-4A70-8EE5-04F391531F2E}.Debug|Any CPU.ActiveCfg = Debug|Any CPU
		{DE752FEF-0778-4A70-8EE5-04F391531F2E}.Debug|Any CPU.Build.0 = Debug|Any CPU
		{DE752FEF-0778-4A70-8EE5-04F391531F2E}.Release|Any CPU.ActiveCfg = Release|Any CPU
		{DE752FEF-0778-4A70-8EE5-04F391531F2E}.Release|Any CPU.Build.0 = Release|Any CPU
		{759E362F-2766-4A10-A5DC-E40DDBA27C34}.Debug|Any CPU.ActiveCfg = Debug|Any CPU
		{759E362F-2766-4A10-A5DC-E40DDBA27C34}.Debug|Any CPU.Build.0 = Debug|Any CPU
		{759E362F-2766-4A10-A5DC-E40DDBA27C34}.Release|Any CPU.ActiveCfg = Release|Any CPU
		{759E362F-2766-4A10-A5DC-E40DDBA27C34}.Release|Any CPU.Build.0 = Release|Any CPU
		{9683F616-D48F-4EE1-B652-96E8F51F572F}.Debug|Any CPU.ActiveCfg = Debug|Any CPU
		{9683F616-D48F-4EE1-B652-96E8F51F572F}.Debug|Any CPU.Build.0 = Debug|Any CPU
		{9683F616-D48F-4EE1-B652-96E8F51F572F}.Release|Any CPU.ActiveCfg = Release|Any CPU
		{9683F616-D48F-4EE1-B652-96E8F51F572F}.Release|Any CPU.Build.0 = Release|Any CPU
		{BC237855-DA7B-4C17-B8D5-CB6BC2880829}.Debug|Any CPU.ActiveCfg = Debug|Any CPU
		{BC237855-DA7B-4C17-B8D5-CB6BC2880829}.Debug|Any CPU.Build.0 = Debug|Any CPU
		{BC237855-DA7B-4C17-B8D5-CB6BC2880829}.Release|Any CPU.ActiveCfg = Release|Any CPU
		{BC237855-DA7B-4C17-B8D5-CB6BC2880829}.Release|Any CPU.Build.0 = Release|Any CPU
		{E191DD19-1A31-41CF-9CC8-1413728B3219}.Debug|Any CPU.ActiveCfg = Debug|Any CPU
		{E191DD19-1A31-41CF-9CC8-1413728B3219}.Debug|Any CPU.Build.0 = Debug|Any CPU
		{E191DD19-1A31-41CF-9CC8-1413728B3219}.Release|Any CPU.ActiveCfg = Release|Any CPU
		{E191DD19-1A31-41CF-9CC8-1413728B3219}.Release|Any CPU.Build.0 = Release|Any CPU
		{1D1AAE29-89F3-4CDA-8F4A-9800416C41E7}.Debug|Any CPU.ActiveCfg = Debug|Any CPU
		{1D1AAE29-89F3-4CDA-8F4A-9800416C41E7}.Debug|Any CPU.Build.0 = Debug|Any CPU
		{1D1AAE29-89F3-4CDA-8F4A-9800416C41E7}.Release|Any CPU.ActiveCfg = Release|Any CPU
		{1D1AAE29-89F3-4CDA-8F4A-9800416C41E7}.Release|Any CPU.Build.0 = Release|Any CPU
		{9C11CAE5-5188-4E71-825B-68FC3135728A}.Debug|Any CPU.ActiveCfg = Debug|Any CPU
		{9C11CAE5-5188-4E71-825B-68FC3135728A}.Debug|Any CPU.Build.0 = Debug|Any CPU
		{9C11CAE5-5188-4E71-825B-68FC3135728A}.Release|Any CPU.ActiveCfg = Release|Any CPU
		{9C11CAE5-5188-4E71-825B-68FC3135728A}.Release|Any CPU.Build.0 = Release|Any CPU
	EndGlobalSection
	GlobalSection(SolutionProperties) = preSolution
		HideSolutionNode = FALSE
	EndGlobalSection
	GlobalSection(NestedProjects) = preSolution
		{14DC32E1-26EA-4A13-8870-90E0C72EC777} = {3B14B84F-CD4D-476C-8282-CD4737BE94BE}
		{9683F616-D48F-4EE1-B652-96E8F51F572F} = {3B14B84F-CD4D-476C-8282-CD4737BE94BE}
		{672627A0-C527-432B-9228-0FB9545B46F1} = {3B14B84F-CD4D-476C-8282-CD4737BE94BE}
		{86C9ADBF-1FE8-45E6-BBE1-EB6C371BEA5B} = {58341181-2060-4D69-B0B3-5E4E1330612A}
		{759E362F-2766-4A10-A5DC-E40DDBA27C34} = {58341181-2060-4D69-B0B3-5E4E1330612A}
		{D1A8E2BD-2F5E-46AC-968D-8A708F9DF89C} = {A3699D18-6307-4FBE-9EDE-06E501E10EA8}
		{DE752FEF-0778-4A70-8EE5-04F391531F2E} = {A3699D18-6307-4FBE-9EDE-06E501E10EA8}
		{59409BF6-4165-4734-85F4-8F29F6FD3B62} = {058519DE-3A22-4843-85ED-99E437AFBCE4}
		{43F2C2B8-0A24-41E0-A321-2CD744B6629C} = {058519DE-3A22-4843-85ED-99E437AFBCE4}
		{9F6D6A7D-760D-47E9-A2B1-B9186010C119} = {058519DE-3A22-4843-85ED-99E437AFBCE4}
		{BC237855-DA7B-4C17-B8D5-CB6BC2880829} = {59409BF6-4165-4734-85F4-8F29F6FD3B62}
		{1D1AAE29-89F3-4CDA-8F4A-9800416C41E7} = {43F2C2B8-0A24-41E0-A321-2CD744B6629C}
		{E191DD19-1A31-41CF-9CC8-1413728B3219} = {9F6D6A7D-760D-47E9-A2B1-B9186010C119}
		{9C11CAE5-5188-4E71-825B-68FC3135728A} = {672627A0-C527-432B-9228-0FB9545B46F1}
	EndGlobalSection
EndGlobal
